
Microsoft Visual Studio Solution File, Format Version 12.00
# Visual Studio Version 17
VisualStudioVersion = 17.5.33424.131
MinimumVisualStudioVersion = 10.0.40219.1
Project("{FAE04EC0-301F-11D3-BF4B-00C04F79EFBC}") = "BookManagementSystemLibrary", "BookManagementSystemLibrary\BookManagementSystemLibrary.csproj", "{EDFDC555-79B3-4999-A414-D133BA15D14C}"
EndProject
Global
	GlobalSection(SolutionConfigurationPlatforms) = preSolution
		Debug|Any CPU = Debug|Any CPU
		Release|Any CPU = Release|Any CPU
	EndGlobalSection
	GlobalSection(ProjectConfigurationPlatforms) = postSolution
		{EDFDC555-79B3-4999-A414-D133BA15D14C}.Debug|Any CPU.ActiveCfg = Debug|Any CPU
		{EDFDC555-79B3-4999-A414-D133BA15D14C}.Debug|Any CPU.Build.0 = Debug|Any CPU
		{EDFDC555-79B3-4999-A414-D133BA15D14C}.Release|Any CPU.ActiveCfg = Release|Any CPU
		{EDFDC555-79B3-4999-A414-D133BA15D14C}.Release|Any CPU.Build.0 = Release|Any CPU
	EndGlobalSection
	GlobalSection(SolutionProperties) = preSolution
		HideSolutionNode = FALSE
	EndGlobalSection
	GlobalSection(ExtensibilityGlobals) = postSolution
		SolutionGuid = {6D70E10F-AF5D-41DF-BDB2-74DD5431AF3D}
	EndGlobalSection
EndGlobal
